// !$*UTF8*$!
{
	archiveVersion = 1;
	classes = {
	};
	objectVersion = 56;
	objects = {

/* Begin PBXBuildFile section */
		1A862ED72BF06636002ACC49 /* GoogleService-Info.plist in Resources */ = {isa = PBXBuildFile; fileRef = 1A862ED62BF06636002ACC49 /* GoogleService-Info.plist */; };
		DB12FB302BEDCCB90039FDCD /* BookingConfirmView.swift in Sources */ = {isa = PBXBuildFile; fileRef = DB12FB2F2BEDCCB90039FDCD /* BookingConfirmView.swift */; };
		DB5D58C62BEAA67E000E7E36 /* cinema_bookingApp.swift in Sources */ = {isa = PBXBuildFile; fileRef = DB5D58C52BEAA67E000E7E36 /* cinema_bookingApp.swift */; };
		DB5D58C82BEAA67E000E7E36 /* ContentView_temp.swift in Sources */ = {isa = PBXBuildFile; fileRef = DB5D58C72BEAA67E000E7E36 /* ContentView_temp.swift */; };
		DB5D58CA2BEAA67E000E7E36 /* Item_temp.swift in Sources */ = {isa = PBXBuildFile; fileRef = DB5D58C92BEAA67E000E7E36 /* Item_temp.swift */; };
		DB5D58CC2BEAA685000E7E36 /* Assets.xcassets in Resources */ = {isa = PBXBuildFile; fileRef = DB5D58CB2BEAA685000E7E36 /* Assets.xcassets */; };
		DB5D58CF2BEAA685000E7E36 /* Preview Assets.xcassets in Resources */ = {isa = PBXBuildFile; fileRef = DB5D58CE2BEAA685000E7E36 /* Preview Assets.xcassets */; };
		DB5D58D62BEAA6D3000E7E36 /* SeatSelectionView.swift in Sources */ = {isa = PBXBuildFile; fileRef = DB5D58D52BEAA6D3000E7E36 /* SeatSelectionView.swift */; };
		DB5D58D82BEBA4CA000E7E36 /* ContentView.swift in Sources */ = {isa = PBXBuildFile; fileRef = DB5D58D72BEBA4CA000E7E36 /* ContentView.swift */; };
		DB5D58DA2BEBAC7E000E7E36 /* HomeView.swift in Sources */ = {isa = PBXBuildFile; fileRef = DB5D58D92BEBAC7E000E7E36 /* HomeView.swift */; };
		DB5D58DC2BEBACDE000E7E36 /* TicketsView.swift in Sources */ = {isa = PBXBuildFile; fileRef = DB5D58DB2BEBACDE000E7E36 /* TicketsView.swift */; };
		DB5D58DE2BEBBAF6000E7E36 /* CustomTabBar.swift in Sources */ = {isa = PBXBuildFile; fileRef = DB5D58DD2BEBBAF6000E7E36 /* CustomTabBar.swift */; };
		DB89C1282BECB08B004E0E01 /* CinemaPicker.swift in Sources */ = {isa = PBXBuildFile; fileRef = DB89C1272BECB08A004E0E01 /* CinemaPicker.swift */; };
/* End PBXBuildFile section */

/* Begin PBXFileReference section */
		1A862ED62BF06636002ACC49 /* GoogleService-Info.plist */ = {isa = PBXFileReference; fileEncoding = 4; lastKnownFileType = text.plist.xml; name = "GoogleService-Info.plist"; path = "../../../../../Downloads/GoogleService-Info.plist"; sourceTree = "<group>"; };
		DB12FB2F2BEDCCB90039FDCD /* BookingConfirmView.swift */ = {isa = PBXFileReference; lastKnownFileType = sourcecode.swift; path = BookingConfirmView.swift; sourceTree = "<group>"; };
		DB5D58C22BEAA67E000E7E36 /* cinema_booking.app */ = {isa = PBXFileReference; explicitFileType = wrapper.application; includeInIndex = 0; path = cinema_booking.app; sourceTree = BUILT_PRODUCTS_DIR; };
		DB5D58C52BEAA67E000E7E36 /* cinema_bookingApp.swift */ = {isa = PBXFileReference; lastKnownFileType = sourcecode.swift; path = cinema_bookingApp.swift; sourceTree = "<group>"; };
		DB5D58C72BEAA67E000E7E36 /* ContentView_temp.swift */ = {isa = PBXFileReference; lastKnownFileType = sourcecode.swift; path = ContentView_temp.swift; sourceTree = "<group>"; };
		DB5D58C92BEAA67E000E7E36 /* Item_temp.swift */ = {isa = PBXFileReference; lastKnownFileType = sourcecode.swift; path = Item_temp.swift; sourceTree = "<group>"; };
		DB5D58CB2BEAA685000E7E36 /* Assets.xcassets */ = {isa = PBXFileReference; lastKnownFileType = folder.assetcatalog; path = Assets.xcassets; sourceTree = "<group>"; };
		DB5D58CE2BEAA685000E7E36 /* Preview Assets.xcassets */ = {isa = PBXFileReference; lastKnownFileType = folder.assetcatalog; path = "Preview Assets.xcassets"; sourceTree = "<group>"; };
		DB5D58D52BEAA6D3000E7E36 /* SeatSelectionView.swift */ = {isa = PBXFileReference; lastKnownFileType = sourcecode.swift; path = SeatSelectionView.swift; sourceTree = "<group>"; };
		DB5D58D72BEBA4CA000E7E36 /* ContentView.swift */ = {isa = PBXFileReference; lastKnownFileType = sourcecode.swift; path = ContentView.swift; sourceTree = "<group>"; };
		DB5D58D92BEBAC7E000E7E36 /* HomeView.swift */ = {isa = PBXFileReference; lastKnownFileType = sourcecode.swift; path = HomeView.swift; sourceTree = "<group>"; };
		DB5D58DB2BEBACDE000E7E36 /* TicketsView.swift */ = {isa = PBXFileReference; lastKnownFileType = sourcecode.swift; path = TicketsView.swift; sourceTree = "<group>"; };
		DB5D58DD2BEBBAF6000E7E36 /* CustomTabBar.swift */ = {isa = PBXFileReference; lastKnownFileType = sourcecode.swift; path = CustomTabBar.swift; sourceTree = "<group>"; };
		DB89C1272BECB08A004E0E01 /* CinemaPicker.swift */ = {isa = PBXFileReference; lastKnownFileType = sourcecode.swift; path = CinemaPicker.swift; sourceTree = "<group>"; };
/* End PBXFileReference section */

/* Begin PBXFrameworksBuildPhase section */
		DB5D58BF2BEAA67D000E7E36 /* Frameworks */ = {
			isa = PBXFrameworksBuildPhase;
			buildActionMask = 2147483647;
			files = (
			);
			runOnlyForDeploymentPostprocessing = 0;
		};
/* End PBXFrameworksBuildPhase section */

/* Begin PBXGroup section */
		DB12FB2D2BEDC4DD0039FDCD /* DefaultTemplate */ = {
			isa = PBXGroup;
			children = (
				DB5D58C72BEAA67E000E7E36 /* ContentView_temp.swift */,
				DB5D58C92BEAA67E000E7E36 /* Item_temp.swift */,
			);
			path = DefaultTemplate;
			sourceTree = "<group>";
		};
		DB12FB2E2BEDC4F80039FDCD /* View */ = {
			isa = PBXGroup;
			children = (
			);
			path = View;
			sourceTree = "<group>";
		};
		DB5D58B92BEAA67D000E7E36 = {
			isa = PBXGroup;
			children = (
				DB5D58C42BEAA67E000E7E36 /* cinema_booking */,
				DB5D58C32BEAA67E000E7E36 /* Products */,
			);
			sourceTree = "<group>";
		};
		DB5D58C32BEAA67E000E7E36 /* Products */ = {
			isa = PBXGroup;
			children = (
				DB5D58C22BEAA67E000E7E36 /* cinema_booking.app */,
			);
			name = Products;
			sourceTree = "<group>";
		};
		DB5D58C42BEAA67E000E7E36 /* cinema_booking */ = {
			isa = PBXGroup;
			children = (
				1A862ED62BF06636002ACC49 /* GoogleService-Info.plist */,
				DB5D58DB2BEBACDE000E7E36 /* TicketsView.swift */,
				DB5D58DD2BEBBAF6000E7E36 /* CustomTabBar.swift */,
				DB89C1272BECB08A004E0E01 /* CinemaPicker.swift */,
				DB5D58D52BEAA6D3000E7E36 /* SeatSelectionView.swift */,
				DB12FB2F2BEDCCB90039FDCD /* BookingConfirmView.swift */,
				DB5D58D72BEBA4CA000E7E36 /* ContentView.swift */,
				DB5D58D92BEBAC7E000E7E36 /* HomeView.swift */,
				DB5D58C52BEAA67E000E7E36 /* cinema_bookingApp.swift */,
				DB12FB2D2BEDC4DD0039FDCD /* DefaultTemplate */,
				DB12FB2E2BEDC4F80039FDCD /* View */,
				DB5D58CB2BEAA685000E7E36 /* Assets.xcassets */,
				DB5D58CD2BEAA685000E7E36 /* Preview Content */,
			);
			path = cinema_booking;
			sourceTree = "<group>";
		};
		DB5D58CD2BEAA685000E7E36 /* Preview Content */ = {
			isa = PBXGroup;
			children = (
				DB5D58CE2BEAA685000E7E36 /* Preview Assets.xcassets */,
			);
			path = "Preview Content";
			sourceTree = "<group>";
		};
/* End PBXGroup section */

/* Begin PBXNativeTarget section */
		DB5D58C12BEAA67D000E7E36 /* cinema_booking */ = {
			isa = PBXNativeTarget;
			buildConfigurationList = DB5D58D22BEAA685000E7E36 /* Build configuration list for PBXNativeTarget "cinema_booking" */;
			buildPhases = (
				DB5D58BE2BEAA67D000E7E36 /* Sources */,
				DB5D58BF2BEAA67D000E7E36 /* Frameworks */,
				DB5D58C02BEAA67D000E7E36 /* Resources */,
			);
			buildRules = (
			);
			dependencies = (
			);
			name = cinema_booking;
			productName = cinema_booking;
			productReference = DB5D58C22BEAA67E000E7E36 /* cinema_booking.app */;
			productType = "com.apple.product-type.application";
		};
/* End PBXNativeTarget section */

/* Begin PBXProject section */
		DB5D58BA2BEAA67D000E7E36 /* Project object */ = {
			isa = PBXProject;
			attributes = {
				BuildIndependentTargetsInParallel = 1;
				LastSwiftUpdateCheck = 1530;
				LastUpgradeCheck = 1530;
				TargetAttributes = {
					DB5D58C12BEAA67D000E7E36 = {
						CreatedOnToolsVersion = 15.3;
					};
				};
			};
			buildConfigurationList = DB5D58BD2BEAA67D000E7E36 /* Build configuration list for PBXProject "cinema_booking" */;
			compatibilityVersion = "Xcode 14.0";
			developmentRegion = en;
			hasScannedForEncodings = 0;
			knownRegions = (
				en,
				Base,
			);
			mainGroup = DB5D58B92BEAA67D000E7E36;
			productRefGroup = DB5D58C32BEAA67E000E7E36 /* Products */;
			projectDirPath = "";
			projectRoot = "";
			targets = (
				DB5D58C12BEAA67D000E7E36 /* cinema_booking */,
			);
		};
/* End PBXProject section */

/* Begin PBXResourcesBuildPhase section */
		DB5D58C02BEAA67D000E7E36 /* Resources */ = {
			isa = PBXResourcesBuildPhase;
			buildActionMask = 2147483647;
			files = (
				DB5D58CF2BEAA685000E7E36 /* Preview Assets.xcassets in Resources */,
				DB5D58CC2BEAA685000E7E36 /* Assets.xcassets in Resources */,
				1A862ED72BF06636002ACC49 /* GoogleService-Info.plist in Resources */,
			);
			runOnlyForDeploymentPostprocessing = 0;
		};
/* End PBXResourcesBuildPhase section */

/* Begin PBXSourcesBuildPhase section */
		DB5D58BE2BEAA67D000E7E36 /* Sources */ = {
			isa = PBXSourcesBuildPhase;
			buildActionMask = 2147483647;
			files = (
				DB5D58D62BEAA6D3000E7E36 /* SeatSelectionView.swift in Sources */,
				DB5D58D82BEBA4CA000E7E36 /* ContentView.swift in Sources */,
				DB5D58C82BEAA67E000E7E36 /* ContentView_temp.swift in Sources */,
				DB5D58DA2BEBAC7E000E7E36 /* HomeView.swift in Sources */,
				DB5D58DE2BEBBAF6000E7E36 /* CustomTabBar.swift in Sources */,
				DB12FB302BEDCCB90039FDCD /* BookingConfirmView.swift in Sources */,
				DB5D58CA2BEAA67E000E7E36 /* Item_temp.swift in Sources */,
				DB89C1282BECB08B004E0E01 /* CinemaPicker.swift in Sources */,
				DB5D58C62BEAA67E000E7E36 /* cinema_bookingApp.swift in Sources */,
				DB5D58DC2BEBACDE000E7E36 /* TicketsView.swift in Sources */,
			);
			runOnlyForDeploymentPostprocessing = 0;
		};
/* End PBXSourcesBuildPhase section */

/* Begin XCBuildConfiguration section */
		DB5D58D02BEAA685000E7E36 /* Debug */ = {
			isa = XCBuildConfiguration;
			buildSettings = {
				ALWAYS_SEARCH_USER_PATHS = NO;
				ASSETCATALOG_COMPILER_GENERATE_SWIFT_ASSET_SYMBOL_EXTENSIONS = YES;
				CLANG_ANALYZER_NONNULL = YES;
				CLANG_ANALYZER_NUMBER_OBJECT_CONVERSION = YES_AGGRESSIVE;
				CLANG_CXX_LANGUAGE_STANDARD = "gnu++20";
				CLANG_ENABLE_MODULES = YES;
				CLANG_ENABLE_OBJC_ARC = YES;
				CLANG_ENABLE_OBJC_WEAK = YES;
				CLANG_WARN_BLOCK_CAPTURE_AUTORELEASING = YES;
				CLANG_WARN_BOOL_CONVERSION = YES;
				CLANG_WARN_COMMA = YES;
				CLANG_WARN_CONSTANT_CONVERSION = YES;
				CLANG_WARN_DEPRECATED_OBJC_IMPLEMENTATIONS = YES;
				CLANG_WARN_DIRECT_OBJC_ISA_USAGE = YES_ERROR;
				CLANG_WARN_DOCUMENTATION_COMMENTS = YES;
				CLANG_WARN_EMPTY_BODY = YES;
				CLANG_WARN_ENUM_CONVERSION = YES;
				CLANG_WARN_INFINITE_RECURSION = YES;
				CLANG_WARN_INT_CONVERSION = YES;
				CLANG_WARN_NON_LITERAL_NULL_CONVERSION = YES;
				CLANG_WARN_OBJC_IMPLICIT_RETAIN_SELF = YES;
				CLANG_WARN_OBJC_LITERAL_CONVERSION = YES;
				CLANG_WARN_OBJC_ROOT_CLASS = YES_ERROR;
				CLANG_WARN_QUOTED_INCLUDE_IN_FRAMEWORK_HEADER = YES;
				CLANG_WARN_RANGE_LOOP_ANALYSIS = YES;
				CLANG_WARN_STRICT_PROTOTYPES = YES;
				CLANG_WARN_SUSPICIOUS_MOVE = YES;
				CLANG_WARN_UNGUARDED_AVAILABILITY = YES_AGGRESSIVE;
				CLANG_WARN_UNREACHABLE_CODE = YES;
				CLANG_WARN__DUPLICATE_METHOD_MATCH = YES;
				COPY_PHASE_STRIP = NO;
				DEBUG_INFORMATION_FORMAT = dwarf;
				ENABLE_STRICT_OBJC_MSGSEND = YES;
				ENABLE_TESTABILITY = YES;
				ENABLE_USER_SCRIPT_SANDBOXING = YES;
				GCC_C_LANGUAGE_STANDARD = gnu17;
				GCC_DYNAMIC_NO_PIC = NO;
				GCC_NO_COMMON_BLOCKS = YES;
				GCC_OPTIMIZATION_LEVEL = 0;
				GCC_PREPROCESSOR_DEFINITIONS = (
					"DEBUG=1",
					"$(inherited)",
				);
				GCC_WARN_64_TO_32_BIT_CONVERSION = YES;
				GCC_WARN_ABOUT_RETURN_TYPE = YES_ERROR;
				GCC_WARN_UNDECLARED_SELECTOR = YES;
				GCC_WARN_UNINITIALIZED_AUTOS = YES_AGGRESSIVE;
				GCC_WARN_UNUSED_FUNCTION = YES;
				GCC_WARN_UNUSED_VARIABLE = YES;
				IPHONEOS_DEPLOYMENT_TARGET = 17.4;
				LOCALIZATION_PREFERS_STRING_CATALOGS = YES;
				MTL_ENABLE_DEBUG_INFO = INCLUDE_SOURCE;
				MTL_FAST_MATH = YES;
				ONLY_ACTIVE_ARCH = YES;
				SDKROOT = iphoneos;
				SWIFT_ACTIVE_COMPILATION_CONDITIONS = "DEBUG $(inherited)";
				SWIFT_OPTIMIZATION_LEVEL = "-Onone";
			};
			name = Debug;
		};
		DB5D58D12BEAA685000E7E36 /* Release */ = {
			isa = XCBuildConfiguration;
			buildSettings = {
				ALWAYS_SEARCH_USER_PATHS = NO;
				ASSETCATALOG_COMPILER_GENERATE_SWIFT_ASSET_SYMBOL_EXTENSIONS = YES;
				CLANG_ANALYZER_NONNULL = YES;
				CLANG_ANALYZER_NUMBER_OBJECT_CONVERSION = YES_AGGRESSIVE;
				CLANG_CXX_LANGUAGE_STANDARD = "gnu++20";
				CLANG_ENABLE_MODULES = YES;
				CLANG_ENABLE_OBJC_ARC = YES;
				CLANG_ENABLE_OBJC_WEAK = YES;
				CLANG_WARN_BLOCK_CAPTURE_AUTORELEASING = YES;
				CLANG_WARN_BOOL_CONVERSION = YES;
				CLANG_WARN_COMMA = YES;
				CLANG_WARN_CONSTANT_CONVERSION = YES;
				CLANG_WARN_DEPRECATED_OBJC_IMPLEMENTATIONS = YES;
				CLANG_WARN_DIRECT_OBJC_ISA_USAGE = YES_ERROR;
				CLANG_WARN_DOCUMENTATION_COMMENTS = YES;
				CLANG_WARN_EMPTY_BODY = YES;
				CLANG_WARN_ENUM_CONVERSION = YES;
				CLANG_WARN_INFINITE_RECURSION = YES;
				CLANG_WARN_INT_CONVERSION = YES;
				CLANG_WARN_NON_LITERAL_NULL_CONVERSION = YES;
				CLANG_WARN_OBJC_IMPLICIT_RETAIN_SELF = YES;
				CLANG_WARN_OBJC_LITERAL_CONVERSION = YES;
				CLANG_WARN_OBJC_ROOT_CLASS = YES_ERROR;
				CLANG_WARN_QUOTED_INCLUDE_IN_FRAMEWORK_HEADER = YES;
				CLANG_WARN_RANGE_LOOP_ANALYSIS = YES;
				CLANG_WARN_STRICT_PROTOTYPES = YES;
				CLANG_WARN_SUSPICIOUS_MOVE = YES;
				CLANG_WARN_UNGUARDED_AVAILABILITY = YES_AGGRESSIVE;
				CLANG_WARN_UNREACHABLE_CODE = YES;
				CLANG_WARN__DUPLICATE_METHOD_MATCH = YES;
				COPY_PHASE_STRIP = NO;
				DEBUG_INFORMATION_FORMAT = "dwarf-with-dsym";
				ENABLE_NS_ASSERTIONS = NO;
				ENABLE_STRICT_OBJC_MSGSEND = YES;
				ENABLE_USER_SCRIPT_SANDBOXING = YES;
				GCC_C_LANGUAGE_STANDARD = gnu17;
				GCC_NO_COMMON_BLOCKS = YES;
				GCC_WARN_64_TO_32_BIT_CONVERSION = YES;
				GCC_WARN_ABOUT_RETURN_TYPE = YES_ERROR;
				GCC_WARN_UNDECLARED_SELECTOR = YES;
				GCC_WARN_UNINITIALIZED_AUTOS = YES_AGGRESSIVE;
				GCC_WARN_UNUSED_FUNCTION = YES;
				GCC_WARN_UNUSED_VARIABLE = YES;
				IPHONEOS_DEPLOYMENT_TARGET = 17.4;
				LOCALIZATION_PREFERS_STRING_CATALOGS = YES;
				MTL_ENABLE_DEBUG_INFO = NO;
				MTL_FAST_MATH = YES;
				SDKROOT = iphoneos;
				SWIFT_COMPILATION_MODE = wholemodule;
				VALIDATE_PRODUCT = YES;
			};
			name = Release;
		};
		DB5D58D32BEAA685000E7E36 /* Debug */ = {
			isa = XCBuildConfiguration;
			buildSettings = {
				ASSETCATALOG_COMPILER_APPICON_NAME = AppIcon;
				ASSETCATALOG_COMPILER_GLOBAL_ACCENT_COLOR_NAME = AccentColor;
				CODE_SIGN_STYLE = Automatic;
				CURRENT_PROJECT_VERSION = 1;
				DEVELOPMENT_ASSET_PATHS = "\"cinema_booking/Preview Content\"";
				ENABLE_PREVIEWS = YES;
				GENERATE_INFOPLIST_FILE = YES;
				INFOPLIST_KEY_UIApplicationSceneManifest_Generation = YES;
				INFOPLIST_KEY_UIApplicationSupportsIndirectInputEvents = YES;
				INFOPLIST_KEY_UILaunchScreen_Generation = YES;
				INFOPLIST_KEY_UISupportedInterfaceOrientations_iPad = "UIInterfaceOrientationPortrait UIInterfaceOrientationPortraitUpsideDown UIInterfaceOrientationLandscapeLeft UIInterfaceOrientationLandscapeRight";
				INFOPLIST_KEY_UISupportedInterfaceOrientations_iPhone = "UIInterfaceOrientationPortrait UIInterfaceOrientationLandscapeLeft UIInterfaceOrientationLandscapeRight";
				LD_RUNPATH_SEARCH_PATHS = (
					"$(inherited)",
					"@executable_path/Frameworks",
				);
				MARKETING_VERSION = 1.0;
				PRODUCT_BUNDLE_IDENTIFIER = "colorur.cinema-booking";
				PRODUCT_NAME = "$(TARGET_NAME)";
				SWIFT_EMIT_LOC_STRINGS = YES;
				SWIFT_VERSION = 5.0;
				TARGETED_DEVICE_FAMILY = "1,2";
			};
			name = Debug;
		};
		DB5D58D42BEAA685000E7E36 /* Release */ = {
			isa = XCBuildConfiguration;
			buildSettings = {
				ASSETCATALOG_COMPILER_APPICON_NAME = AppIcon;
				ASSETCATALOG_COMPILER_GLOBAL_ACCENT_COLOR_NAME = AccentColor;
				CODE_SIGN_STYLE = Automatic;
				CURRENT_PROJECT_VERSION = 1;
				DEVELOPMENT_ASSET_PATHS = "\"cinema_booking/Preview Content\"";
				ENABLE_PREVIEWS = YES;
				GENERATE_INFOPLIST_FILE = YES;
				INFOPLIST_KEY_UIApplicationSceneManifest_Generation = YES;
				INFOPLIST_KEY_UIApplicationSupportsIndirectInputEvents = YES;
				INFOPLIST_KEY_UILaunchScreen_Generation = YES;
				INFOPLIST_KEY_UISupportedInterfaceOrientations_iPad = "UIInterfaceOrientationPortrait UIInterfaceOrientationPortraitUpsideDown UIInterfaceOrientationLandscapeLeft UIInterfaceOrientationLandscapeRight";
				INFOPLIST_KEY_UISupportedInterfaceOrientations_iPhone = "UIInterfaceOrientationPortrait UIInterfaceOrientationLandscapeLeft UIInterfaceOrientationLandscapeRight";
				LD_RUNPATH_SEARCH_PATHS = (
					"$(inherited)",
					"@executable_path/Frameworks",
				);
				MARKETING_VERSION = 1.0;
				PRODUCT_BUNDLE_IDENTIFIER = "colorur.cinema-booking";
				PRODUCT_NAME = "$(TARGET_NAME)";
				SWIFT_EMIT_LOC_STRINGS = YES;
				SWIFT_VERSION = 5.0;
				TARGETED_DEVICE_FAMILY = "1,2";
			};
			name = Release;
		};
/* End XCBuildConfiguration section */

/* Begin XCConfigurationList section */
		DB5D58BD2BEAA67D000E7E36 /* Build configuration list for PBXProject "cinema_booking" */ = {
			isa = XCConfigurationList;
			buildConfigurations = (
				DB5D58D02BEAA685000E7E36 /* Debug */,
				DB5D58D12BEAA685000E7E36 /* Release */,
			);
			defaultConfigurationIsVisible = 0;
			defaultConfigurationName = Release;
		};
		DB5D58D22BEAA685000E7E36 /* Build configuration list for PBXNativeTarget "cinema_booking" */ = {
			isa = XCConfigurationList;
			buildConfigurations = (
				DB5D58D32BEAA685000E7E36 /* Debug */,
				DB5D58D42BEAA685000E7E36 /* Release */,
			);
			defaultConfigurationIsVisible = 0;
			defaultConfigurationName = Release;
		};
/* End XCConfigurationList section */
	};
	rootObject = DB5D58BA2BEAA67D000E7E36 /* Project object */;
}
